
Microsoft Visual Studio Solution File, Format Version 12.00
# Visual Studio Version 17
VisualStudioVersion = 17.4.33403.182
MinimumVisualStudioVersion = 10.0.40219.1
Project("{FAE04EC0-301F-11D3-BF4B-00C04F79EFBC}") = "Dat_4874", "Dat_4874\Dat_4874.csproj", "{7ADBF320-2FB9-47E6-8CF8-843895447106}"
EndProject
Global
	GlobalSection(SolutionConfigurationPlatforms) = preSolution
		Debug|Any CPU = Debug|Any CPU
		Release|Any CPU = Release|Any CPU
	EndGlobalSection
	GlobalSection(ProjectConfigurationPlatforms) = postSolution
		{7ADBF320-2FB9-47E6-8CF8-843895447106}.Debug|Any CPU.ActiveCfg = Debug|Any CPU
		{7ADBF320-2FB9-47E6-8CF8-843895447106}.Debug|Any CPU.Build.0 = Debug|Any CPU
		{7ADBF320-2FB9-47E6-8CF8-843895447106}.Release|Any CPU.ActiveCfg = Release|Any CPU
		{7ADBF320-2FB9-47E6-8CF8-843895447106}.Release|Any CPU.Build.0 = Release|Any CPU
	EndGlobalSection
	GlobalSection(SolutionProperties) = preSolution
		HideSolutionNode = FALSE
	EndGlobalSection
	GlobalSection(ExtensibilityGlobals) = postSolution
		SolutionGuid = {027714F0-0B97-4D7E-B4E9-680644F71B18}
	EndGlobalSection
EndGlobal
